Microsoft Visual Studio Solution File, Format Version 11.00
# Visual Studio 2008

Project("{304FFF5B-DDA3-2062-A028-5938187A1ACF}") = "IIA_Braintenberg", "Assembly-CSharp.csproj", "{845D4E71-C0E8-813D-FC69-C9E4ABEF402A}"
EndProject
Global
	GlobalSection(SolutionConfigurationPlatforms) = preSolution
		Debug|Any CPU = Debug|Any CPU
		Release|Any CPU = Release|Any CPU
	EndGlobalSection
	GlobalSection(ProjectConfigurationPlatforms) = postSolution
		{845D4E71-C0E8-813D-FC69-C9E4ABEF402A}.Debug|Any CPU.ActiveCfg = Debug|Any CPU
		{845D4E71-C0E8-813D-FC69-C9E4ABEF402A}.Debug|Any CPU.Build.0 = Debug|Any CPU
		{845D4E71-C0E8-813D-FC69-C9E4ABEF402A}.Release|Any CPU.ActiveCfg = Release|Any CPU
		{845D4E71-C0E8-813D-FC69-C9E4ABEF402A}.Release|Any CPU.Build.0 = Release|Any CPU
	EndGlobalSection
	GlobalSection(SolutionProperties) = preSolution
		HideSolutionNode = FALSE
	EndGlobalSection
	GlobalSection(MonoDevelopProperties) = preSolution
		StartupItem = Assembly-CSharp.csproj
	EndGlobalSection
EndGlobal
