
Microsoft Visual Studio Solution File, Format Version 12.00
# Visual Studio 2015
Project("{FAE04EC0-301F-11D3-BF4B-00C04F79EFBC}") = "IIA_TP1.CSharp", "IIA_TP1.CSharp.csproj", "{EEE0D7AA-053F-1869-2F1D-2A9386CCE0D7}"
EndProject
Global
	GlobalSection(SolutionConfigurationPlatforms) = preSolution
		Debug|Any CPU = Debug|Any CPU
		Release|Any CPU = Release|Any CPU
	EndGlobalSection
	GlobalSection(ProjectConfigurationPlatforms) = postSolution
		{EEE0D7AA-053F-1869-2F1D-2A9386CCE0D7}.Debug|Any CPU.ActiveCfg = Debug|Any CPU
		{EEE0D7AA-053F-1869-2F1D-2A9386CCE0D7}.Debug|Any CPU.Build.0 = Debug|Any CPU
		{EEE0D7AA-053F-1869-2F1D-2A9386CCE0D7}.Release|Any CPU.ActiveCfg = Release|Any CPU
		{EEE0D7AA-053F-1869-2F1D-2A9386CCE0D7}.Release|Any CPU.Build.0 = Release|Any CPU
	EndGlobalSection
	GlobalSection(SolutionProperties) = preSolution
		HideSolutionNode = FALSE
	EndGlobalSection
EndGlobal
